lockfileVersion: '9.0'

settings:
  autoInstallPeers: true
  excludeLinksFromLockfile: false

importers:

  .:
    dependencies:
      '@uiw/react-color-shade-slider':
        specifier: ^2.3.4
        version: 2.3.4(@babel/runtime@7.26.0)(react-dom@19.0.0(react@19.0.0))(react@19.0.0)

packages:

  '@babel/runtime@7.26.0':
    resolution: {integrity: sha512-FDSOghenHTiToteC/QRlv2q3DhPZ/oOXTBoirfWNx1Cx3TMVcGWQtMMmQcSvb/JjpNeGzx8Pq/b4fKEJuWm1sw==}
    engines: {node: '>=6.9.0'}

  '@uiw/color-convert@2.3.4':
    resolution: {integrity: sha512-av3PvCeP8o4H2a81n+vJwEEv8qGnQNonfCTiH9kO/CMQR1BvhGYijduM7RJzgHaAaVpE01opjNICQRyEx5qKVg==}
    peerDependencies:
      '@babel/runtime': '>=7.19.0'

  '@uiw/react-color-alpha@2.3.4':
    resolution: {integrity: sha512-mY3ZgXocDcxe+g8vyBcajE8xWjLkxhGpH42wB/wZG+sfWn9NFnHhsPBop8MwTY8VCQU7EbKLl/DKNr+0k6REcg==}
    peerDependencies:
      '@babel/runtime': '>=7.19.0'
      react: '>=16.9.0'
      react-dom: '>=16.9.0'

  '@uiw/react-color-shade-slider@2.3.4':
    resolution: {integrity: sha512-tS+dM1yTk07SDSKVpreuC2MUiq/umxZ+RMto4HqfSbWMVbBNMMVcTYi60+w/lcz5xJwGYRCKkeg7QmEhKXtUXA==}
    peerDependencies:
      '@babel/runtime': '>=7.19.0'
      react: '>=16.9.0'
      react-dom: '>=16.9.0'

  '@uiw/react-drag-event-interactive@2.3.4':
    resolution: {integrity: sha512-j2y2MjgriyarQhD7R8zii4Ily3hWp+IkbvpmDD75f1PZL71IJDKswAHG1bO/bEXpI1l5GVJTn7NPfS9kxbCqnw==}
    peerDependencies:
      '@babel/runtime': '>=7.19.0'
      react: '>=16.9.0'
      react-dom: '>=16.9.0'

  react-dom@19.0.0:
    resolution: {integrity: sha512-4GV5sHFG0e/0AD4X+ySy6UJd3jVl1iNsNHdpad0qhABJ11twS3TTBnseqsKurKcsNqCEFeGL3uLpVChpIO3QfQ==}
    peerDependencies:
      react: ^19.0.0

  react@19.0.0:
    resolution: {integrity: sha512-V8AVnmPIICiWpGfm6GLzCR/W5FXLchHop40W4nXBmdlEceh16rCN8O8LNWm5bh5XUX91fh7KpA+W0TgMKmgTpQ==}
    engines: {node: '>=0.10.0'}

  regenerator-runtime@0.14.1:
    resolution: {integrity: sha512-dYnhHh0nJoMfnkZs6GmmhFknAGRrLznOu5nc9ML+EJxGvrx6H7teuevqVqCuPcPK//3eDrrjQhehXVx9cnkGdw==}

  scheduler@0.25.0:
    resolution: {integrity: sha512-xFVuu11jh+xcO7JOAGJNOXld8/TcEHK/4CituBUeUb5hqxJLj9YuemAEuvm9gQ/+pgXYfbQuqAkiYu+u7YEsNA==}

snapshots:

  '@babel/runtime@7.26.0':
    dependencies:
      regenerator-runtime: 0.14.1

  '@uiw/color-convert@2.3.4(@babel/runtime@7.26.0)':
    dependencies:
      '@babel/runtime': 7.26.0

  '@uiw/react-color-alpha@2.3.4(@babel/runtime@7.26.0)(react-dom@19.0.0(react@19.0.0))(react@19.0.0)':
    dependencies:
      '@babel/runtime': 7.26.0
      '@uiw/color-convert': 2.3.4(@babel/runtime@7.26.0)
      '@uiw/react-drag-event-interactive': 2.3.4(@babel/runtime@7.26.0)(react-dom@19.0.0(react@19.0.0))(react@19.0.0)
      react: 19.0.0
      react-dom: 19.0.0(react@19.0.0)

  '@uiw/react-color-shade-slider@2.3.4(@babel/runtime@7.26.0)(react-dom@19.0.0(react@19.0.0))(react@19.0.0)':
    dependencies:
      '@babel/runtime': 7.26.0
      '@uiw/color-convert': 2.3.4(@babel/runtime@7.26.0)
      '@uiw/react-color-alpha': 2.3.4(@babel/runtime@7.26.0)(react-dom@19.0.0(react@19.0.0))(react@19.0.0)
      react: 19.0.0
      react-dom: 19.0.0(react@19.0.0)

  '@uiw/react-drag-event-interactive@2.3.4(@babel/runtime@7.26.0)(react-dom@19.0.0(react@19.0.0))(react@19.0.0)':
    dependencies:
      '@babel/runtime': 7.26.0
      react: 19.0.0
      react-dom: 19.0.0(react@19.0.0)

  react-dom@19.0.0(react@19.0.0):
    dependencies:
      react: 19.0.0
      scheduler: 0.25.0

  react@19.0.0: {}

  regenerator-runtime@0.14.1: {}

  scheduler@0.25.0: {}
