lockfileVersion: '9.0'

settings:
  autoInstallPeers: true
  excludeLinksFromLockfile: false

importers:

  .:
    dependencies:
      '@farcaster/frame-sdk':
        specifier: ^0.0.38
        version: 0.0.38(zod@3.24.4)

packages:

  '@adraffy/ens-normalize@1.11.0':
    resolution: {integrity: sha512-/3DDPKHqqIqxUULp8yP4zODUY1i+2xvVWsv8A79xGWdCAG+8sb0hRh0Rk2QyOJUnnbyPUAZYcpBuRe3nS2OIUg==}

  '@farcaster/frame-core@0.0.34':
    resolution: {integrity: sha512-hohopBJo9TH5C4M+3WzcvpWfuJ6bMXyqSx4gP1AvRT3F3MxHf0qCakicV4wiR3SM9FfPNcCjUcK3wSM+WzsDjA==}

  '@farcaster/frame-sdk@0.0.38':
    resolution: {integrity: sha512-CGrxO7Mv+Bs7QexEqkE5YbRw7eAiUwOefU1eqbHZ5JhjGlSHaCfIq3Lm8MMcWqBb7CyDVEYFDQkUWw0hjlrzTQ==}

  '@noble/curves@1.9.0':
    resolution: {integrity: sha512-7YDlXiNMdO1YZeH6t/kvopHHbIZzlxrCV9WLqCY6QhcXOoXiNCMDqJIglZ9Yjx5+w7Dz30TITFrlTjnRg7sKEg==}
    engines: {node: ^14.21.3 || >=16}

  '@noble/hashes@1.8.0':
    resolution: {integrity: sha512-jCs9ldd7NwzpgXDIf6P3+NrHh9/sD6CQdxHyjQI+h/6rDNo88ypBxxz45UDuZHz9r3tNz7N/VInSVoVdtXEI4A==}
    engines: {node: ^14.21.3 || >=16}

  '@scure/base@1.2.5':
    resolution: {integrity: sha512-9rE6EOVeIQzt5TSu4v+K523F8u6DhBsoZWPGKlnCshhlDhy0kJzUX4V+tr2dWmzF1GdekvThABoEQBGBQI7xZw==}

  '@scure/bip32@1.7.0':
    resolution: {integrity: sha512-E4FFX/N3f4B80AKWp5dP6ow+flD1LQZo/w8UnLGYZO674jS6YnYeepycOOksv+vLPSpgN35wgKgy+ybfTb2SMw==}

  '@scure/bip39@1.6.0':
    resolution: {integrity: sha512-+lF0BbLiJNwVlev4eKelw1WWLaiKXw7sSl8T6FvBlWkdX+94aGJ4o8XjUdlyhTCjd8c+B3KT3JfS8P0bLRNU6A==}

  abitype@1.0.8:
    resolution: {integrity: sha512-ZeiI6h3GnW06uYDLx0etQtX/p8E24UaHHBj57RSjK7YBFe7iuVn07EDpOeP451D06sF27VOz9JJPlIKJmXgkEg==}
    peerDependencies:
      typescript: '>=5.0.4'
      zod: ^3 >=3.22.0
    peerDependenciesMeta:
      typescript:
        optional: true
      zod:
        optional: true

  comlink@4.4.2:
    resolution: {integrity: sha512-OxGdvBmJuNKSCMO4NTl1L47VRp6xn2wG4F/2hYzB6tiCb709otOxtEYCSvK80PtjODfXXZu8ds+Nw5kVCjqd2g==}

  eventemitter3@5.0.1:
    resolution: {integrity: sha512-GWkBvjiSZK87ELrYOSESUYeVIc9mvLLf/nXalMOS5dYrgZq9o5OVkbZAVM06CVxYsCwH9BDZFPlQTlPA1j4ahA==}

  ox@0.4.4:
    resolution: {integrity: sha512-oJPEeCDs9iNiPs6J0rTx+Y0KGeCGyCAA3zo94yZhm8G5WpOxrwUtn2Ie/Y8IyARSqqY/j9JTKA3Fc1xs1DvFnw==}
    peerDependencies:
      typescript: '>=5.4.0'
    peerDependenciesMeta:
      typescript:
        optional: true

  zod@3.24.4:
    resolution: {integrity: sha512-OdqJE9UDRPwWsrHjLN2F8bPxvwJBK22EHLWtanu0LSYr5YqzsaaW3RMgmjwr8Rypg5k+meEJdSPXJZXE/yqOMg==}

snapshots:

  '@adraffy/ens-normalize@1.11.0': {}

  '@farcaster/frame-core@0.0.34':
    dependencies:
      ox: 0.4.4(zod@3.24.4)
      zod: 3.24.4
    transitivePeerDependencies:
      - typescript

  '@farcaster/frame-sdk@0.0.38(zod@3.24.4)':
    dependencies:
      '@farcaster/frame-core': 0.0.34
      comlink: 4.4.2
      eventemitter3: 5.0.1
      ox: 0.4.4(zod@3.24.4)
    transitivePeerDependencies:
      - typescript
      - zod

  '@noble/curves@1.9.0':
    dependencies:
      '@noble/hashes': 1.8.0

  '@noble/hashes@1.8.0': {}

  '@scure/base@1.2.5': {}

  '@scure/bip32@1.7.0':
    dependencies:
      '@noble/curves': 1.9.0
      '@noble/hashes': 1.8.0
      '@scure/base': 1.2.5

  '@scure/bip39@1.6.0':
    dependencies:
      '@noble/hashes': 1.8.0
      '@scure/base': 1.2.5

  abitype@1.0.8(zod@3.24.4):
    optionalDependencies:
      zod: 3.24.4

  comlink@4.4.2: {}

  eventemitter3@5.0.1: {}

  ox@0.4.4(zod@3.24.4):
    dependencies:
      '@adraffy/ens-normalize': 1.11.0
      '@noble/curves': 1.9.0
      '@noble/hashes': 1.8.0
      '@scure/bip32': 1.7.0
      '@scure/bip39': 1.6.0
      abitype: 1.0.8(zod@3.24.4)
      eventemitter3: 5.0.1
    transitivePeerDependencies:
      - zod

  zod@3.24.4: {}
